
Microsoft Visual Studio Solution File, Format Version 12.00
# Visual Studio Version 18
VisualStudioVersion = 18.2.11415.280
MinimumVisualStudioVersion = 10.0.40219.1
Project("{FAE04EC0-301F-11D3-BF4B-00C04F79EFBC}") = "Dungeon_Masters_Friend", "Dungeon_Masters_Friend\Dungeon_Masters_Friend.csproj", "{1B47CF57-236F-21D8-9784-CD0D1161E404}"
EndProject
Project("{FAE04EC0-301F-11D3-BF4B-00C04F79EFBC}") = "Dungeon_Masters_Friend_Test", "Dungeon_Masters_Friend_Test\Dungeon_Masters_Friend_Test.csproj", "{D97F43F0-81B8-2A15-65D0-928A6326BC8B}"
EndProject
Global
	GlobalSection(SolutionConfigurationPlatforms) = preSolution
		Debug|Any CPU = Debug|Any CPU
		Release|Any CPU = Release|Any CPU
	EndGlobalSection
	GlobalSection(ProjectConfigurationPlatforms) = postSolution
		{1B47CF57-236F-21D8-9784-CD0D1161E404}.Debug|Any CPU.ActiveCfg = Debug|Any CPU
		{1B47CF57-236F-21D8-9784-CD0D1161E404}.Debug|Any CPU.Build.0 = Debug|Any CPU
		{1B47CF57-236F-21D8-9784-CD0D1161E404}.Release|Any CPU.ActiveCfg = Release|Any CPU
		{1B47CF57-236F-21D8-9784-CD0D1161E404}.Release|Any CPU.Build.0 = Release|Any CPU
		{D97F43F0-81B8-2A15-65D0-928A6326BC8B}.Debug|Any CPU.ActiveCfg = Debug|Any CPU
		{D97F43F0-81B8-2A15-65D0-928A6326BC8B}.Debug|Any CPU.Build.0 = Debug|Any CPU
		{D97F43F0-81B8-2A15-65D0-928A6326BC8B}.Release|Any CPU.ActiveCfg = Release|Any CPU
		{D97F43F0-81B8-2A15-65D0-928A6326BC8B}.Release|Any CPU.Build.0 = Release|Any CPU
	EndGlobalSection
	GlobalSection(SolutionProperties) = preSolution
		HideSolutionNode = FALSE
	EndGlobalSection
	GlobalSection(ExtensibilityGlobals) = postSolution
		SolutionGuid = {9B719E0D-2862-4FCC-9237-D82F73237F54}
	EndGlobalSection
EndGlobal
